
Microsoft Visual Studio Solution File, Format Version 12.00
# Visual Studio Version 17
VisualStudioVersion = 17.0.31912.275
MinimumVisualStudioVersion = 10.0.40219.1
Project("{9A19103F-16F7-4668-BE54-9A1E7A4F7556}") = "Extention_method", "Extention_method\Extention_method.csproj", "{66548F44-41CD-4A1C-9773-4573EAA6AD09}"
EndProject
Project("{9A19103F-16F7-4668-BE54-9A1E7A4F7556}") = "Regular_expression", "Regular_expression\Regular_expression.csproj", "{087F086C-0ABD-4F29-BAFC-6221D15B8C16}"
EndProject
Project("{9A19103F-16F7-4668-BE54-9A1E7A4F7556}") = "Delegate", "Delegate\Delegate.csproj", "{3C4818D0-5E21-43DA-833B-50C44CDFE013}"
EndProject
Project("{FAE04EC0-301F-11D3-BF4B-00C04F79EFBC}") = "Events", "Events\Events.csproj", "{5CC5D0A5-74E8-4413-AA4F-0F61F92C1A76}"
EndProject
Project("{FAE04EC0-301F-11D3-BF4B-00C04F79EFBC}") = "Lambdas", "Lambdas\Lambdas.csproj", "{4B071E4F-1E22-4176-9CFD-0CC5D44BD7BB}"
EndProject
Project("{FAE04EC0-301F-11D3-BF4B-00C04F79EFBC}") = "LINQ", "LINQ\LINQ.csproj", "{23847929-A70E-488C-B918-B88DF7C510E6}"
EndProject
Global
	GlobalSection(SolutionConfigurationPlatforms) = preSolution
		Debug|Any CPU = Debug|Any CPU
		Release|Any CPU = Release|Any CPU
	EndGlobalSection
	GlobalSection(ProjectConfigurationPlatforms) = postSolution
		{66548F44-41CD-4A1C-9773-4573EAA6AD09}.Debug|Any CPU.ActiveCfg = Debug|Any CPU
		{66548F44-41CD-4A1C-9773-4573EAA6AD09}.Debug|Any CPU.Build.0 = Debug|Any CPU
		{66548F44-41CD-4A1C-9773-4573EAA6AD09}.Release|Any CPU.ActiveCfg = Release|Any CPU
		{66548F44-41CD-4A1C-9773-4573EAA6AD09}.Release|Any CPU.Build.0 = Release|Any CPU
		{087F086C-0ABD-4F29-BAFC-6221D15B8C16}.Debug|Any CPU.ActiveCfg = Debug|Any CPU
		{087F086C-0ABD-4F29-BAFC-6221D15B8C16}.Debug|Any CPU.Build.0 = Debug|Any CPU
		{087F086C-0ABD-4F29-BAFC-6221D15B8C16}.Release|Any CPU.ActiveCfg = Release|Any CPU
		{087F086C-0ABD-4F29-BAFC-6221D15B8C16}.Release|Any CPU.Build.0 = Release|Any CPU
		{3C4818D0-5E21-43DA-833B-50C44CDFE013}.Debug|Any CPU.ActiveCfg = Debug|Any CPU
		{3C4818D0-5E21-43DA-833B-50C44CDFE013}.Debug|Any CPU.Build.0 = Debug|Any CPU
		{3C4818D0-5E21-43DA-833B-50C44CDFE013}.Release|Any CPU.ActiveCfg = Release|Any CPU
		{3C4818D0-5E21-43DA-833B-50C44CDFE013}.Release|Any CPU.Build.0 = Release|Any CPU
		{5CC5D0A5-74E8-4413-AA4F-0F61F92C1A76}.Debug|Any CPU.ActiveCfg = Debug|Any CPU
		{5CC5D0A5-74E8-4413-AA4F-0F61F92C1A76}.Debug|Any CPU.Build.0 = Debug|Any CPU
		{5CC5D0A5-74E8-4413-AA4F-0F61F92C1A76}.Release|Any CPU.ActiveCfg = Release|Any CPU
		{5CC5D0A5-74E8-4413-AA4F-0F61F92C1A76}.Release|Any CPU.Build.0 = Release|Any CPU
		{4B071E4F-1E22-4176-9CFD-0CC5D44BD7BB}.Debug|Any CPU.ActiveCfg = Debug|Any CPU
		{4B071E4F-1E22-4176-9CFD-0CC5D44BD7BB}.Debug|Any CPU.Build.0 = Debug|Any CPU
		{4B071E4F-1E22-4176-9CFD-0CC5D44BD7BB}.Release|Any CPU.ActiveCfg = Release|Any CPU
		{4B071E4F-1E22-4176-9CFD-0CC5D44BD7BB}.Release|Any CPU.Build.0 = Release|Any CPU
		{23847929-A70E-488C-B918-B88DF7C510E6}.Debug|Any CPU.ActiveCfg = Debug|Any CPU
		{23847929-A70E-488C-B918-B88DF7C510E6}.Debug|Any CPU.Build.0 = Debug|Any CPU
		{23847929-A70E-488C-B918-B88DF7C510E6}.Release|Any CPU.ActiveCfg = Release|Any CPU
		{23847929-A70E-488C-B918-B88DF7C510E6}.Release|Any CPU.Build.0 = Release|Any CPU
	EndGlobalSection
	GlobalSection(SolutionProperties) = preSolution
		HideSolutionNode = FALSE
	EndGlobalSection
	GlobalSection(ExtensibilityGlobals) = postSolution
		SolutionGuid = {9B8D913E-A1C3-4955-86D6-E8879895A5CB}
	EndGlobalSection
EndGlobal
