
Microsoft Visual Studio Solution File, Format Version 12.00
# Visual Studio Version 17
VisualStudioVersion = 17.0.31912.275
MinimumVisualStudioVersion = 10.0.40219.1
Project("{FAE04EC0-301F-11D3-BF4B-00C04F79EFBC}") = "AsyncAwait", "AsyncAwait\AsyncAwait.csproj", "{1520883D-9B92-44FA-8AA0-E59C3FF3F3CE}"
EndProject
Project("{FAE04EC0-301F-11D3-BF4B-00C04F79EFBC}") = "PLINQ", "PLINQ\PLINQ.csproj", "{6A3A5FEA-FF0A-46C9-B15D-EC5793DF2554}"
EndProject
Project("{2150E333-8FDC-42A3-9474-1A3956D46DE8}") = "Solution Items", "Solution Items", "{202129A1-5DA3-450E-85ED-FE54BE63A352}"
	ProjectSection(SolutionItems) = preProject
		README.md = README.md
	EndProjectSection
EndProject
Global
	GlobalSection(SolutionConfigurationPlatforms) = preSolution
		Debug|Any CPU = Debug|Any CPU
		Release|Any CPU = Release|Any CPU
	EndGlobalSection
	GlobalSection(ProjectConfigurationPlatforms) = postSolution
		{1520883D-9B92-44FA-8AA0-E59C3FF3F3CE}.Debug|Any CPU.ActiveCfg = Debug|Any CPU
		{1520883D-9B92-44FA-8AA0-E59C3FF3F3CE}.Debug|Any CPU.Build.0 = Debug|Any CPU
		{1520883D-9B92-44FA-8AA0-E59C3FF3F3CE}.Release|Any CPU.ActiveCfg = Release|Any CPU
		{1520883D-9B92-44FA-8AA0-E59C3FF3F3CE}.Release|Any CPU.Build.0 = Release|Any CPU
		{6A3A5FEA-FF0A-46C9-B15D-EC5793DF2554}.Debug|Any CPU.ActiveCfg = Debug|Any CPU
		{6A3A5FEA-FF0A-46C9-B15D-EC5793DF2554}.Debug|Any CPU.Build.0 = Debug|Any CPU
		{6A3A5FEA-FF0A-46C9-B15D-EC5793DF2554}.Release|Any CPU.ActiveCfg = Release|Any CPU
		{6A3A5FEA-FF0A-46C9-B15D-EC5793DF2554}.Release|Any CPU.Build.0 = Release|Any CPU
	EndGlobalSection
	GlobalSection(SolutionProperties) = preSolution
		HideSolutionNode = FALSE
	EndGlobalSection
	GlobalSection(ExtensibilityGlobals) = postSolution
		SolutionGuid = {44E06D28-358C-43F7-B29F-7B9F4562F11D}
	EndGlobalSection
EndGlobal
